
Microsoft Visual Studio Solution File, Format Version 12.00
# Visual Studio Version 17
VisualStudioVersion = 17.14.36414.22 d17.14
MinimumVisualStudioVersion = 10.0.40219.1
Project("{FAE04EC0-301F-11D3-BF4B-00C04F79EFBC}") = "BookListView_s1131547", "BookListView_s1131547\BookListView_s1131547.csproj", "{7A07B3B0-46F2-4B31-9B1E-D259E4BDD5FE}"
EndProject
Global
	GlobalSection(SolutionConfigurationPlatforms) = preSolution
		Debug|Any CPU = Debug|Any CPU
		Release|Any CPU = Release|Any CPU
	EndGlobalSection
	GlobalSection(ProjectConfigurationPlatforms) = postSolution
		{7A07B3B0-46F2-4B31-9B1E-D259E4BDD5FE}.Debug|Any CPU.ActiveCfg = Debug|Any CPU
		{7A07B3B0-46F2-4B31-9B1E-D259E4BDD5FE}.Debug|Any CPU.Build.0 = Debug|Any CPU
		{7A07B3B0-46F2-4B31-9B1E-D259E4BDD5FE}.Release|Any CPU.ActiveCfg = Release|Any CPU
		{7A07B3B0-46F2-4B31-9B1E-D259E4BDD5FE}.Release|Any CPU.Build.0 = Release|Any CPU
	EndGlobalSection
	GlobalSection(SolutionProperties) = preSolution
		HideSolutionNode = FALSE
	EndGlobalSection
	GlobalSection(ExtensibilityGlobals) = postSolution
		SolutionGuid = {68CCBB40-3645-4550-914A-998403D8DC15}
	EndGlobalSection
EndGlobal
